
Microsoft Visual Studio Solution File, Format Version 12.00
# Visual Studio Version 16
VisualStudioVersion = 16.0.30907.101
MinimumVisualStudioVersion = 10.0.40219.1
Project("{FAE04EC0-301F-11D3-BF4B-00C04F79EFBC}") = "Logic-project", "Logic-project\Logic-project.csproj", "{84797F18-4958-46C0-BB3A-EA010E7FC371}"
EndProject
Project("{FAE04EC0-301F-11D3-BF4B-00C04F79EFBC}") = "Console-project", "Console-project\Console-project.csproj", "{D5972891-75A3-401F-8C10-A79C16B68F01}"
EndProject
Project("{FAE04EC0-301F-11D3-BF4B-00C04F79EFBC}") = "Test-project", "Test-project\Test-project.csproj", "{75FD0256-DBFC-406B-A82C-A446C4AC374F}"
EndProject
Global
	GlobalSection(SolutionConfigurationPlatforms) = preSolution
		Debug|Any CPU = Debug|Any CPU
		Release|Any CPU = Release|Any CPU
	EndGlobalSection
	GlobalSection(ProjectConfigurationPlatforms) = postSolution
		{84797F18-4958-46C0-BB3A-EA010E7FC371}.Debug|Any CPU.ActiveCfg = Debug|Any CPU
		{84797F18-4958-46C0-BB3A-EA010E7FC371}.Debug|Any CPU.Build.0 = Debug|Any CPU
		{84797F18-4958-46C0-BB3A-EA010E7FC371}.Release|Any CPU.ActiveCfg = Release|Any CPU
		{84797F18-4958-46C0-BB3A-EA010E7FC371}.Release|Any CPU.Build.0 = Release|Any CPU
		{D5972891-75A3-401F-8C10-A79C16B68F01}.Debug|Any CPU.ActiveCfg = Debug|Any CPU
		{D5972891-75A3-401F-8C10-A79C16B68F01}.Debug|Any CPU.Build.0 = Debug|Any CPU
		{D5972891-75A3-401F-8C10-A79C16B68F01}.Release|Any CPU.ActiveCfg = Release|Any CPU
		{D5972891-75A3-401F-8C10-A79C16B68F01}.Release|Any CPU.Build.0 = Release|Any CPU
		{75FD0256-DBFC-406B-A82C-A446C4AC374F}.Debug|Any CPU.ActiveCfg = Debug|Any CPU
		{75FD0256-DBFC-406B-A82C-A446C4AC374F}.Debug|Any CPU.Build.0 = Debug|Any CPU
		{75FD0256-DBFC-406B-A82C-A446C4AC374F}.Release|Any CPU.ActiveCfg = Release|Any CPU
		{75FD0256-DBFC-406B-A82C-A446C4AC374F}.Release|Any CPU.Build.0 = Release|Any CPU
	EndGlobalSection
	GlobalSection(SolutionProperties) = preSolution
		HideSolutionNode = FALSE
	EndGlobalSection
	GlobalSection(ExtensibilityGlobals) = postSolution
		SolutionGuid = {13D6FEE7-CC16-4C38-9BEA-05463C249684}
	EndGlobalSection
EndGlobal
